
Microsoft Visual Studio Solution File, Format Version 12.00
# Visual Studio Version 17
VisualStudioVersion = 17.14.36401.2
MinimumVisualStudioVersion = 10.0.40219.1
Project("{FAE04EC0-301F-11D3-BF4B-00C04F79EFBC}") = "TabWizardControl", "TabWizardControl\TabWizardControl.csproj", "{29072CBA-A7B9-41B5-DF73-7A245B8645E5}"
EndProject
Project("{FAE04EC0-301F-11D3-BF4B-00C04F79EFBC}") = "TabWizardControl.Example", "TabWizardControl.Example\TabWizardControl.Example.csproj", "{12ECD554-04EF-1087-08CF-08F0C7BB6E20}"
EndProject
Global
	GlobalSection(SolutionConfigurationPlatforms) = preSolution
		Debug|Any CPU = Debug|Any CPU
		Release|Any CPU = Release|Any CPU
	EndGlobalSection
	GlobalSection(ProjectConfigurationPlatforms) = postSolution
		{29072CBA-A7B9-41B5-DF73-7A245B8645E5}.Debug|Any CPU.ActiveCfg = Debug|Any CPU
		{29072CBA-A7B9-41B5-DF73-7A245B8645E5}.Debug|Any CPU.Build.0 = Debug|Any CPU
		{29072CBA-A7B9-41B5-DF73-7A245B8645E5}.Release|Any CPU.ActiveCfg = Release|Any CPU
		{29072CBA-A7B9-41B5-DF73-7A245B8645E5}.Release|Any CPU.Build.0 = Release|Any CPU
		{12ECD554-04EF-1087-08CF-08F0C7BB6E20}.Debug|Any CPU.ActiveCfg = Debug|Any CPU
		{12ECD554-04EF-1087-08CF-08F0C7BB6E20}.Debug|Any CPU.Build.0 = Debug|Any CPU
		{12ECD554-04EF-1087-08CF-08F0C7BB6E20}.Release|Any CPU.ActiveCfg = Release|Any CPU
		{12ECD554-04EF-1087-08CF-08F0C7BB6E20}.Release|Any CPU.Build.0 = Release|Any CPU
	EndGlobalSection
	GlobalSection(SolutionProperties) = preSolution
		HideSolutionNode = FALSE
	EndGlobalSection
	GlobalSection(ExtensibilityGlobals) = postSolution
		SolutionGuid = {0774F5E8-3809-4D36-A882-803C26A65048}
	EndGlobalSection
EndGlobal
